# This file is automatically @generated by Cargo.
# It is not intended for manual editing.
version = 4

[[package]]
name = "tom-assist-context-admission"
version = "0.1.0"

[[package]]
name = "tom-assist-governance"
version = "0.1.0"

[[package]]
name = "tom-assist-native-host"
version = "0.1.0"

[[package]]
name = "tom-assist-persistence"
version = "0.1.0"

[[package]]
name = "tom-assist-protocol"
version = "0.1.0"

[[package]]
name = "tom-assist-tom-adapter"
version = "0.1.0"

[[package]]
name = "tom-assistd"
version = "0.1.0"
